
Microsoft Visual Studio Solution File, Format Version 12.00
# Visual Studio Version 16
VisualStudioVersion = 16.0.29905.134
MinimumVisualStudioVersion = 10.0.40219.1
Project("{FAE04EC0-301F-11D3-BF4B-00C04F79EFBC}") = "ForsecomInterops", "ForsecomInterops\ForsecomInterops.csproj", "{1206FE3B-4CFB-4BF0-A868-82ABAD106604}"
EndProject
Global
	GlobalSection(SolutionConfigurationPlatforms) = preSolution
		Debug|Any CPU = Debug|Any CPU
		Release|Any CPU = Release|Any CPU
	EndGlobalSection
	GlobalSection(ProjectConfigurationPlatforms) = postSolution
		{1206FE3B-4CFB-4BF0-A868-82ABAD106604}.Debug|Any CPU.ActiveCfg = Debug|Any CPU
		{1206FE3B-4CFB-4BF0-A868-82ABAD106604}.Debug|Any CPU.Build.0 = Debug|Any CPU
		{1206FE3B-4CFB-4BF0-A868-82ABAD106604}.Release|Any CPU.ActiveCfg = Release|Any CPU
		{1206FE3B-4CFB-4BF0-A868-82ABAD106604}.Release|Any CPU.Build.0 = Release|Any CPU
	EndGlobalSection
	GlobalSection(SolutionProperties) = preSolution
		HideSolutionNode = FALSE
	EndGlobalSection
	GlobalSection(ExtensibilityGlobals) = postSolution
		SolutionGuid = {674B5787-614F-461E-A83B-4552D5810C01}
	EndGlobalSection
EndGlobal
